{
  "requires": true,
  "lockfileVersion": 1,
  "dependencies": {
    "quartz-palindrome": {
      "version": "1.0.0",
      "resolved": "https://registry.npmjs.org/quartz-palindrome/-/quartz-palindrome-1.0.0.tgz",
      "integrity": "sha512-NNkERHdvP75md+62ncjrtNHjl5RTiX+MRJOOvKOhUqZk/5mS2+lvHWYA8vEHrL6qNcHjv4TGSGSosk829njsBg=="
    }
  }
}
